<?xml version="1.0" encoding="utf-8"?>
<Project ToolsVersion="4.0" xmlns="http://schemas.microsoft.com/developer/msbuild/2003">
  <ItemGroup>
    <Filter Include="Source Files">
      <UniqueIdentifier>{4FC737F1-C7A5-4376-A066-2A32D752A2FF}</UniqueIdentifier>
      <Extensions>cpp;c;cc;cxx;c++;cppm;ixx;def;odl;idl;hpj;bat;asm;asmx</Extensions>
    </Filter>
    <Filter Include="Header Files">
      <UniqueIdentifier>{93995380-89BD-4b04-88EB-625FBE52EBFB}</UniqueIdentifier>
      <Extensions>h;hh;hpp;hxx;h++;hm;inl;inc;ipp;xsd</Extensions>
    </Filter>
    <Filter Include="Resource Files">
      <UniqueIdentifier>{67DA6AB6-F800-4c08-8B7A-83BB121AAD01}</UniqueIdentifier>
      <Extensions>rc;ico;cur;bmp;dlg;rc2;rct;bin;rgs;gif;jpg;jpeg;jpe;resx;tiff;tif;png;wav;mfcribbon-ms</Extensions>
    </Filter>
    <Filter Include="Resource Files\GLAD File">
      <UniqueIdentifier>{95e2ec8e-ea92-4b6e-8931-1ce4afd14c31}</UniqueIdentifier>
    </Filter>
  </ItemGroup>
  <ItemGroup>
    <ClCompile Include="main.cpp">
      <Filter>Source Files</Filter>
    </ClCompile>
    <ClCompile Include="Components\camera.cpp">
      <Filter>Source Files</Filter>
    </ClCompile>
    <ClCompile Include="Components\ebo.cpp">
      <Filter>Source Files</Filter>
    </ClCompile>
    <ClCompile Include="Components\mesh.cpp">
      <Filter>Source Files</Filter>
    </ClCompile>
    <ClCompile Include="Components\model.cpp">
      <Filter>Source Files</Filter>
    </ClCompile>
    <ClCompile Include="Components\shader.cpp">
      <Filter>Source Files</Filter>
    </ClCompile>
    <ClCompile Include="Components\stb.cpp">
      <Filter>Source Files</Filter>
    </ClCompile>
    <ClCompile Include="Components\texture.cpp">
      <Filter>Source Files</Filter>
    </ClCompile>
    <ClCompile Include="Components\vao.cpp">
      <Filter>Source Files</Filter>
    </ClCompile>
    <ClCompile Include="Components\vbo.cpp">
      <Filter>Source Files</Filter>
    </ClCompile>
    <ClCompile Include="..\glad.c">
      <Filter>Resource Files\GLAD File</Filter>
    </ClCompile>
    <ClCompile Include="Components\postproc.cpp">
      <Filter>Source Files</Filter>
    </ClCompile>
  </ItemGroup>
  <ItemGroup>
    <ClInclude Include="Components\camera.h">
      <Filter>Header Files</Filter>
    </ClInclude>
    <ClInclude Include="Components\ebo.h">
      <Filter>Header Files</Filter>
    </ClInclude>
    <ClInclude Include="Components\mesh.h">
      <Filter>Header Files</Filter>
    </ClInclude>
    <ClInclude Include="Components\model.h">
      <Filter>Header Files</Filter>
    </ClInclude>
    <ClInclude Include="Components\shader.h">
      <Filter>Header Files</Filter>
    </ClInclude>
    <ClInclude Include="Components\texture.h">
      <Filter>Header Files</Filter>
    </ClInclude>
    <ClInclude Include="Components\vao.h">
      <Filter>Header Files</Filter>
    </ClInclude>
    <ClInclude Include="Components\vbo.h">
      <Filter>Header Files</Filter>
    </ClInclude>
    <ClInclude Include="Components\postproc.h">
      <Filter>Header Files</Filter>
    </ClInclude>
  </ItemGroup>
  <ItemGroup>
    <None Include="Shaders\default.frag" />
    <None Include="Shaders\default.geom" />
    <None Include="Shaders\default.vert" />
    <None Include="Shaders\framebuffer.frag" />
    <None Include="Shaders\framebuffer.vert" />
  </ItemGroup>
  <ItemGroup>
    <Image Include="Resources\Ceiling_ambientOcclusion.jpg">
      <Filter>Resource Files</Filter>
    </Image>
    <Image Include="Resources\Ceiling_basecolor.jpg">
      <Filter>Resource Files</Filter>
    </Image>
    <Image Include="Resources\Ceiling_height.png">
      <Filter>Resource Files</Filter>
    </Image>
    <Image Include="Resources\Ceiling_normal.jpg">
      <Filter>Resource Files</Filter>
    </Image>
    <Image Include="Resources\Ceiling_opacity.jpg">
      <Filter>Resource Files</Filter>
    </Image>
    <Image Include="Resources\Floor_AmbientOcclusion.jpg">
      <Filter>Resource Files</Filter>
    </Image>
    <Image Include="Resources\Floor_BaseColor.jpg">
      <Filter>Resource Files</Filter>
    </Image>
    <Image Include="Resources\Floor_Height.jpg">
      <Filter>Resource Files</Filter>
    </Image>
    <Image Include="Resources\Floor_Normal.jpg">
      <Filter>Resource Files</Filter>
    </Image>
    <Image Include="Resources\Floor_Roughness.jpg">
      <Filter>Resource Files</Filter>
    </Image>
    <Image Include="Resources\Wall_ambientOcclusion.jpg">
      <Filter>Resource Files</Filter>
    </Image>
    <Image Include="Resources\Wall_basecolor.jpg">
      <Filter>Resource Files</Filter>
    </Image>
    <Image Include="Resources\Wall_height.png">
      <Filter>Resource Files</Filter>
    </Image>
    <Image Include="Resources\Wall_normal.jpg">
      <Filter>Resource Files</Filter>
    </Image>
    <Image Include="Resources\Wall_roughness.jpg">
      <Filter>Resource Files</Filter>
    </Image>
  </ItemGroup>
</Project>